
Microsoft Visual Studio Solution File, Format Version 12.00
# Visual Studio Version 17
VisualStudioVersion = 17.7.34009.444
MinimumVisualStudioVersion = 10.0.40219.1
Project("{F184B08F-C81C-45F6-A57F-5ABD9991F28F}") = "Dimalibot_Activity6", "Dimalibot_Activity6\Dimalibot_Activity6.vbproj", "{5E34DA95-FD97-4BAC-A422-47FF983D76CC}"
EndProject
Global
	GlobalSection(SolutionConfigurationPlatforms) = preSolution
		Debug|Any CPU = Debug|Any CPU
		Release|Any CPU = Release|Any CPU
	EndGlobalSection
	GlobalSection(ProjectConfigurationPlatforms) = postSolution
		{5E34DA95-FD97-4BAC-A422-47FF983D76CC}.Debug|Any CPU.ActiveCfg = Debug|Any CPU
		{5E34DA95-FD97-4BAC-A422-47FF983D76CC}.Debug|Any CPU.Build.0 = Debug|Any CPU
		{5E34DA95-FD97-4BAC-A422-47FF983D76CC}.Release|Any CPU.ActiveCfg = Release|Any CPU
		{5E34DA95-FD97-4BAC-A422-47FF983D76CC}.Release|Any CPU.Build.0 = Release|Any CPU
	EndGlobalSection
	GlobalSection(SolutionProperties) = preSolution
		HideSolutionNode = FALSE
	EndGlobalSection
	GlobalSection(ExtensibilityGlobals) = postSolution
		SolutionGuid = {342F6B21-48FB-482D-9B0D-DB9B3779B506}
	EndGlobalSection
EndGlobal
